{
  "skill": "develop-story",
  "report_path": "docs/prd/domain/feature/epics/epic.5.example/stories/story.5.1.example/story.5.1.implementation.1.example-initial-run.md",
  "task_or_story_id": "5.1",
  "task_or_story_directory": "docs/prd/domain/feature/epics/epic.5.example/stories/story.5.1.example",
  "branch": "feature/story.5.1.example",
  "pr_url": "",
  "tracker": "github",
  "tracker_issue": "99",
  "current_step": 1,
  "started_at": "2026-05-11T00:00:00Z"
}
